	<Project xmlns="http://schemas.microsoft.com/developer/msbuild/2003">
		<PropertyGroup>
			<ProjectGuid>{32907f3e-82d4-4786-b0bf-8e53f1e596ca}</ProjectGuid>
			<MainSource>EhLib120.dpk</MainSource>
			<Configuration Condition=" '$(Configuration)' == '' ">Debug</Configuration>
			<Platform Condition=" '$(Platform)' == '' ">AnyCPU</Platform>
			<DCC_DCCCompiler>DCC32</DCC_DCCCompiler>
			<DCC_DependencyCheckOutputName>C:\Documents and Settings\All Users.WINDOWS\Documents\RAD Studio\5.0\Bpl\EhLib110.bpl</DCC_DependencyCheckOutputName>
			<ProjectVersion>12.0</ProjectVersion>
			<Config Condition="'$(Config)'==''">Debug</Config>
		</PropertyGroup>
		<PropertyGroup Condition="'$(Config)'=='Base' or '$(Base)'!=''">
			<Base>true</Base>
		</PropertyGroup>
		<PropertyGroup Condition="'$(Config)'=='Release' or '$(Cfg_1)'!=''">
			<Cfg_1>true</Cfg_1>
			<CfgParent>Base</CfgParent>
			<Base>true</Base>
		</PropertyGroup>
		<PropertyGroup Condition="'$(Config)'=='Debug' or '$(Cfg_2)'!=''">
			<Cfg_2>true</Cfg_2>
			<CfgParent>Base</CfgParent>
			<Base>true</Base>
		</PropertyGroup>
		<PropertyGroup Condition="'$(Base)'!=''">
			<DCC_CBuilderOutput>All</DCC_CBuilderOutput>
			<DCC_DependencyCheckOutputName>C:\Documents and Settings\All Users\Документы\RAD Studio\6.0\Bpl\EhLib120.bpl</DCC_DependencyCheckOutputName>
			<DCC_ImageBase>00400000</DCC_ImageBase>
			<DesignOnlyPackage>false</DesignOnlyPackage>
			<DCC_LocalDebugSymbols>false</DCC_LocalDebugSymbols>
			<DCC_Description>EhLib 5.0</DCC_Description>
			<RuntimeOnlyPackage>true</RuntimeOnlyPackage>
			<GenPackage>true</GenPackage>
			<DCC_AssertionsAtRuntime>false</DCC_AssertionsAtRuntime>
			<GenDll>true</GenDll>
			<DCC_WriteableConstants>true</DCC_WriteableConstants>
			<DCC_SymbolReferenceInfo>0</DCC_SymbolReferenceInfo>
		</PropertyGroup>
		<PropertyGroup Condition="'$(Cfg_1)'!=''">
			<Version>7.0</Version>
			<DCC_AssertionsAtRuntime>False</DCC_AssertionsAtRuntime>
			<DCC_DebugInformation>False</DCC_DebugInformation>
			<DCC_WriteableConstants>True</DCC_WriteableConstants>
			<DCC_LocalDebugSymbols>False</DCC_LocalDebugSymbols>
			<DCC_SymbolReferenceInfo>0</DCC_SymbolReferenceInfo>
			<DCC_CBuilderOutput>All</DCC_CBuilderOutput>
			<DCC_Define>RELEASE;$(DCC_Define)</DCC_Define>
		</PropertyGroup>
		<PropertyGroup Condition="'$(Cfg_2)'!=''">
			<Version>7.0</Version>
			<DCC_AssertionsAtRuntime>False</DCC_AssertionsAtRuntime>
			<DCC_DebugInformation>False</DCC_DebugInformation>
			<DCC_WriteableConstants>True</DCC_WriteableConstants>
			<DCC_LocalDebugSymbols>False</DCC_LocalDebugSymbols>
			<DCC_SymbolReferenceInfo>0</DCC_SymbolReferenceInfo>
			<DCC_CBuilderOutput>All</DCC_CBuilderOutput>
		</PropertyGroup>
		<ItemGroup>
			<DelphiCompile Include="EhLib120.dpk">
				<MainSource>MainSource</MainSource>
			</DelphiCompile>
			<DCCReference Include="rtl.dcp"/>
			<DCCReference Include="vcl.dcp"/>
			<DCCReference Include="dbrtl.dcp"/>
			<DCCReference Include="vcldb.dcp"/>
			<DCCReference Include="DBSumLst.pas"/>
			<DCCReference Include="PrnDbgEh.pas"/>
			<DCCReference Include="PrnDGDlg.pas">
				<Form>fPrnDBGridEHSetupDialog</Form>
			</DCCReference>
			<DCCReference Include="PrntsEh.pas"/>
			<DCCReference Include="PrvFrmEh.pas">
				<Form>PreviewFormEh</Form>
			</DCCReference>
			<DCCReference Include="PrViewEh.pas"/>
			<DCCReference Include="DBGridEh.pas"/>
			<DCCReference Include="DBGridEhImpExp.pas"/>
			<DCCReference Include="DBLookupEh.pas"/>
			<DCCReference Include="DBCtrlsEh.pas"/>
			<DCCReference Include="ToolCtrlsEh.pas"/>
			<DCCReference Include="EhLibConsts.pas"/>
			<DCCReference Include="DBLookupGridsEh.pas"/>
			<DCCReference Include="CalculatorEh.pas">
				<Form>CalculatorEh</Form>
			</DCCReference>
			<DCCReference Include="DbUtilsEh.pas"/>
			<DCCReference Include="PropFilerEh.pas"/>
			<DCCReference Include="PropStorageEh.pas"/>
			<DCCReference Include="DBGridEhFindDlgs.pas">
				<Form>DBGridEhFindDlg</Form>
			</DCCReference>
			<DCCReference Include="EhLibVCL.pas"/>
			<DCCReference Include="MemTreeEh.pas"/>
			<DCCReference Include="DataDriverEh.pas"/>
			<DCCReference Include="MemTableDataEh.pas"/>
			<DCCReference Include="MemTableEh.pas"/>
			<DCCReference Include="GridsEh.pas"/>
			<BuildConfiguration Include="Base">
				<Key>Base</Key>
			</BuildConfiguration>
			<BuildConfiguration Include="Debug">
				<Key>Cfg_2</Key>
				<CfgParent>Base</CfgParent>
			</BuildConfiguration>
			<BuildConfiguration Include="Release">
				<Key>Cfg_1</Key>
				<CfgParent>Base</CfgParent>
			</BuildConfiguration>
		</ItemGroup>
		<Import Project="$(BDS)\Bin\CodeGear.Delphi.Targets" Condition="Exists('$(BDS)\Bin\CodeGear.Delphi.Targets')"/>
		<ProjectExtensions>
			<Borland.Personality>Delphi.Personality.12</Borland.Personality>
			<Borland.ProjectType>Package</Borland.ProjectType>
			<BorlandProject>
				<Delphi.Personality>
					<Parameters>
						<Parameters Name="UseLauncher">False</Parameters>
						<Parameters Name="LoadAllSymbols">True</Parameters>
						<Parameters Name="LoadUnspecifiedSymbols">False</Parameters>
					</Parameters>
					<VersionInfo>
						<VersionInfo Name="IncludeVerInfo">True</VersionInfo>
						<VersionInfo Name="AutoIncBuild">False</VersionInfo>
						<VersionInfo Name="MajorVer">3</VersionInfo>
						<VersionInfo Name="MinorVer">0</VersionInfo>
						<VersionInfo Name="Release">0</VersionInfo>
						<VersionInfo Name="Build">0</VersionInfo>
						<VersionInfo Name="Debug">False</VersionInfo>
						<VersionInfo Name="PreRelease">False</VersionInfo>
						<VersionInfo Name="Special">False</VersionInfo>
						<VersionInfo Name="Private">False</VersionInfo>
						<VersionInfo Name="DLL">False</VersionInfo>
						<VersionInfo Name="Locale">1033</VersionInfo>
						<VersionInfo Name="CodePage">1252</VersionInfo>
					</VersionInfo>
					<VersionInfoKeys>
						<VersionInfoKeys Name="FileVersion">5.0.0.0</VersionInfoKeys>
						<VersionInfoKeys Name="ProductVersion">5.0.0.0</VersionInfoKeys>
						<VersionInfoKeys Name="CompanyName">Dmitry V. Bolshakov</VersionInfoKeys>
						<VersionInfoKeys Name="FileDescription"/>
						<VersionInfoKeys Name="InternalName">EhLib</VersionInfoKeys>
						<VersionInfoKeys Name="LegalCopyright"/>
						<VersionInfoKeys Name="LegalTrademarks"/>
						<VersionInfoKeys Name="OriginalFilename">EhLib</VersionInfoKeys>
						<VersionInfoKeys Name="ProductName">EhLib</VersionInfoKeys>
						<VersionInfoKeys Name="Comments"/>
					</VersionInfoKeys>
					<Source>
						<Source Name="MainSource">EhLib120.dpk</Source>
					</Source>
					<Language>
						<Language Name="RootDir">C:\RADStudio\6.0\EhLib\</Language>
					</Language>
				</Delphi.Personality>
			</BorlandProject>
			<ProjectFileVersion>12</ProjectFileVersion>
		</ProjectExtensions>
	</Project>
